# This file is automatically @generated by Cargo.
# It is not intended for manual editing.
version = 3

[[package]]
name = "LLDBRust"
version = "0.1.0"
dependencies = [
 "lldb",
 "lldb-sys 0.0.28",
]

[[package]]
name = "bitflags"
version = "1.3.2"
source = "registry+https://github.com/rust-lang/crates.io-index"
checksum = "bef38d45163c2f1dde094a7dfd33ccf595c92905c8f8f4fdc18d06fb1037718a"

[[package]]
name = "cc"
version = "1.2.2"
source = "registry+https://github.com/rust-lang/crates.io-index"
checksum = "f34d93e62b03caf570cccc334cbc6c2fceca82f39211051345108adcba3eebdc"
dependencies = [
 "shlex",
]

[[package]]
name = "libc"
version = "0.2.167"
source = "registry+https://github.com/rust-lang/crates.io-index"
checksum = "09d6582e104315a817dff97f75133544b2e094ee22447d2acf4a74e189ba06fc"

[[package]]
name = "lldb"
version = "0.0.11"
source = "registry+https://github.com/rust-lang/crates.io-index"
checksum = "6ead3acd21ea6f043804677c634f22261d5b573354f894fc9bf5a7c51b3494b2"
dependencies = [
 "libc",
 "lldb-sys 0.0.29",
]

[[package]]
name = "lldb-sys"
version = "0.0.28"
source = "registry+https://github.com/rust-lang/crates.io-index"
checksum = "0437bd5accc15287f9a1ede5d6ce73318e01a3289736e2f3fb80aa293010c316"
dependencies = [
 "bitflags",
 "cc",
 "libc",
]

[[package]]
name = "lldb-sys"
version = "0.0.29"
source = "registry+https://github.com/rust-lang/crates.io-index"
checksum = "e4823992d90809c75bb025e9666759ccd7be2362863fc88af6c21ba6916e4e5f"
dependencies = [
 "bitflags",
 "cc",
 "libc",
]

[[package]]
name = "shlex"
version = "1.3.0"
source = "registry+https://github.com/rust-lang/crates.io-index"
checksum = "0fda2ff0d084019ba4d7c6f371c95d8fd75ce3524c3cb8fb653a3023f6323e64"
